
Microsoft Visual Studio Solution File, Format Version 12.00
# Visual Studio 15
VisualStudioVersion = 15.0.28307.572
MinimumVisualStudioVersion = 10.0.40219.1
Project("{151D2E53-A2C4-4D7D-83FE-D05416EBD58E}") = "AzureResourceGroup1", "AzureResourceGroup1\AzureResourceGroup1.deployproj", "{595379EE-4976-4440-8760-B766E1867558}"
EndProject
Project("{FAE04EC0-301F-11D3-BF4B-00C04F79EFBC}") = "WebApplication1", "WebApplication1\WebApplication1.csproj", "{AF6BE973-3957-4DEF-8D5C-FE7AC28DE857}"
EndProject
Global
	GlobalSection(SolutionConfigurationPlatforms) = preSolution
		Debug|Any CPU = Debug|Any CPU
		Release|Any CPU = Release|Any CPU
	EndGlobalSection
	GlobalSection(ProjectConfigurationPlatforms) = postSolution
		{595379EE-4976-4440-8760-B766E1867558}.Debug|Any CPU.ActiveCfg = Debug|Any CPU
		{595379EE-4976-4440-8760-B766E1867558}.Debug|Any CPU.Build.0 = Debug|Any CPU
		{595379EE-4976-4440-8760-B766E1867558}.Release|Any CPU.ActiveCfg = Release|Any CPU
		{595379EE-4976-4440-8760-B766E1867558}.Release|Any CPU.Build.0 = Release|Any CPU
		{AF6BE973-3957-4DEF-8D5C-FE7AC28DE857}.Debug|Any CPU.ActiveCfg = Debug|Any CPU
		{AF6BE973-3957-4DEF-8D5C-FE7AC28DE857}.Debug|Any CPU.Build.0 = Debug|Any CPU
		{AF6BE973-3957-4DEF-8D5C-FE7AC28DE857}.Release|Any CPU.ActiveCfg = Release|Any CPU
		{AF6BE973-3957-4DEF-8D5C-FE7AC28DE857}.Release|Any CPU.Build.0 = Release|Any CPU
	EndGlobalSection
	GlobalSection(SolutionProperties) = preSolution
		HideSolutionNode = FALSE
	EndGlobalSection
	GlobalSection(ExtensibilityGlobals) = postSolution
		SolutionGuid = {F4813B63-8758-48E1-B79C-C942D34BE841}
	EndGlobalSection
EndGlobal
